Microsoft Visual Studio Solution File, Format Version 12.00
# Visual Studio Version 17
VisualStudioVersion = 17.0.31903.59
MinimumVisualStudioVersion = 10.0.40219.1
Project("{2150E333-8FDC-42A3-9474-1A3956D46DE8}") = "src", "src", "{9686F443-E07F-4B3C-AB1C-CF4AE23444A8}"
EndProject
Project("{2150E333-8FDC-42A3-9474-1A3956D46DE8}") = "test", "test", "{5C12C701-9BB2-48FC-A835-5176A592D149}"
EndProject
Project("{9A19103F-16F7-4668-BE54-9A1E7A4F7556}") = "NRedisKit", "src\NRedisKit.csproj", "{34AEEB8C-DF91-4566-8D12-744A4F30FA20}"
EndProject
Project("{9A19103F-16F7-4668-BE54-9A1E7A4F7556}") = "NRedisKit.UnitTest", "test\UnitTest\NRedisKit.UnitTest.csproj", "{C9B983E8-E79C-4A57-963D-6194DFE4371F}"
EndProject
Global
	GlobalSection(SolutionConfigurationPlatforms) = preSolution
		Debug|Any CPU = Debug|Any CPU
		Release|Any CPU = Release|Any CPU
	EndGlobalSection
	GlobalSection(ProjectConfigurationPlatforms) = postSolution
		{34AEEB8C-DF91-4566-8D12-744A4F30FA20}.Debug|Any CPU.ActiveCfg = Debug|Any CPU
		{34AEEB8C-DF91-4566-8D12-744A4F30FA20}.Debug|Any CPU.Build.0 = Debug|Any CPU
		{34AEEB8C-DF91-4566-8D12-744A4F30FA20}.Release|Any CPU.ActiveCfg = Release|Any CPU
		{34AEEB8C-DF91-4566-8D12-744A4F30FA20}.Release|Any CPU.Build.0 = Release|Any CPU
		{C9B983E8-E79C-4A57-963D-6194DFE4371F}.Debug|Any CPU.ActiveCfg = Debug|Any CPU
		{C9B983E8-E79C-4A57-963D-6194DFE4371F}.Debug|Any CPU.Build.0 = Debug|Any CPU
		{C9B983E8-E79C-4A57-963D-6194DFE4371F}.Release|Any CPU.ActiveCfg = Release|Any CPU
		{C9B983E8-E79C-4A57-963D-6194DFE4371F}.Release|Any CPU.Build.0 = Release|Any CPU
		{BAB593AE-B785-4708-963E-014CF44DA328}.Debug|Any CPU.ActiveCfg = Debug|Any CPU
		{BAB593AE-B785-4708-963E-014CF44DA328}.Debug|Any CPU.Build.0 = Debug|Any CPU
		{BAB593AE-B785-4708-963E-014CF44DA328}.Release|Any CPU.ActiveCfg = Release|Any CPU
		{BAB593AE-B785-4708-963E-014CF44DA328}.Release|Any CPU.Build.0 = Release|Any CPU
	EndGlobalSection
	GlobalSection(SolutionProperties) = preSolution
		HideSolutionNode = FALSE
	EndGlobalSection
	GlobalSection(NestedProjects) = preSolution
		{34AEEB8C-DF91-4566-8D12-744A4F30FA20} = {9686F443-E07F-4B3C-AB1C-CF4AE23444A8}
		{C9B983E8-E79C-4A57-963D-6194DFE4371F} = {5C12C701-9BB2-48FC-A835-5176A592D149}
		{BAB593AE-B785-4708-963E-014CF44DA328} = {5C12C701-9BB2-48FC-A835-5176A592D149}
	EndGlobalSection
EndGlobal
